Microsoft Visual Studio Solution File, Format Version 12.00
# Visual Studio Version 17
VisualStudioVersion = 17.5.2.0
MinimumVisualStudioVersion = 10.0.40219.1
Project("{FAE04EC0-301F-11D3-BF4B-00C04F79EFBC}") = "Koshenya", "Koshenya.csproj", "{CBADBEB5-A2AC-381D-DF9A-F2EB084C511A}"
EndProject
Global
	GlobalSection(SolutionConfigurationPlatforms) = preSolution
		Debug|Any CPU = Debug|Any CPU
		Release|Any CPU = Release|Any CPU
	EndGlobalSection
	GlobalSection(ProjectConfigurationPlatforms) = postSolution
		{CBADBEB5-A2AC-381D-DF9A-F2EB084C511A}.Debug|Any CPU.ActiveCfg = Debug|Any CPU
		{CBADBEB5-A2AC-381D-DF9A-F2EB084C511A}.Debug|Any CPU.Build.0 = Debug|Any CPU
		{CBADBEB5-A2AC-381D-DF9A-F2EB084C511A}.Release|Any CPU.ActiveCfg = Release|Any CPU
		{CBADBEB5-A2AC-381D-DF9A-F2EB084C511A}.Release|Any CPU.Build.0 = Release|Any CPU
	EndGlobalSection
	GlobalSection(SolutionProperties) = preSolution
		HideSolutionNode = FALSE
	EndGlobalSection
	GlobalSection(ExtensibilityGlobals) = postSolution
		SolutionGuid = {CDCE1D07-516B-40AC-87B9-2332AE356014}
	EndGlobalSection
EndGlobal
